
Microsoft Visual Studio Solution File, Format Version 12.00
# Visual Studio Version 16
VisualStudioVersion = 16.0.30804.86
MinimumVisualStudioVersion = 10.0.40219.1
Project("{FAE04EC0-301F-11D3-BF4B-00C04F79EFBC}") = "FilterScript", "FilterScript\FilterScript.csproj", "{F3B97B56-14DA-4356-92F2-D98EF82FB237}"
EndProject
Global
	GlobalSection(SolutionConfigurationPlatforms) = preSolution
		Debug|Any CPU = Debug|Any CPU
		Release|Any CPU = Release|Any CPU
	EndGlobalSection
	GlobalSection(ProjectConfigurationPlatforms) = postSolution
		{F3B97B56-14DA-4356-92F2-D98EF82FB237}.Debug|Any CPU.ActiveCfg = Debug|Any CPU
		{F3B97B56-14DA-4356-92F2-D98EF82FB237}.Debug|Any CPU.Build.0 = Debug|Any CPU
		{F3B97B56-14DA-4356-92F2-D98EF82FB237}.Release|Any CPU.ActiveCfg = Release|Any CPU
		{F3B97B56-14DA-4356-92F2-D98EF82FB237}.Release|Any CPU.Build.0 = Release|Any CPU
	EndGlobalSection
	GlobalSection(SolutionProperties) = preSolution
		HideSolutionNode = FALSE
	EndGlobalSection
	GlobalSection(ExtensibilityGlobals) = postSolution
		SolutionGuid = {56B6EC4D-82E4-4B84-A72B-AD041447CB3F}
	EndGlobalSection
EndGlobal
